<?xml version="1.0" encoding="utf-8"?>
<Project ToolsVersion="4.0" xmlns="http://schemas.microsoft.com/developer/msbuild/2003">
  <ItemGroup>
    <Filter Include="Source Files">
      <UniqueIdentifier>{4FC737F1-C7A5-4376-A066-2A32D752A2FF}</UniqueIdentifier>
      <Extensions>cpp;c;cc;cxx;def;odl;idl;hpj;bat;asm;asmx</Extensions>
    </Filter>
    <Filter Include="Header Files">
      <UniqueIdentifier>{93995380-89BD-4b04-88EB-625FBE52EBFB}</UniqueIdentifier>
      <Extensions>h;hh;hpp;hxx;hm;inl;inc;xsd</Extensions>
    </Filter>
    <Filter Include="Resource Files">
      <UniqueIdentifier>{67DA6AB6-F800-4c08-8B7A-83BB121AAD01}</UniqueIdentifier>
      <Extensions>rc;ico;cur;bmp;dlg;rc2;rct;bin;rgs;gif;jpg;jpeg;jpe;resx;tiff;tif;png;wav;mfcribbon-ms</Extensions>
    </Filter>
    <Filter Include="Header Files\math">
      <UniqueIdentifier>{07457c00-08e2-4308-ba55-d292d1e50465}</UniqueIdentifier>
    </Filter>
    <Filter Include="Header Files\app">
      <UniqueIdentifier>{b7b03228-b9e2-4817-ba28-38809673da27}</UniqueIdentifier>
    </Filter>
    <Filter Include="Source Files\math">
      <UniqueIdentifier>{1a300c9e-77f0-4b03-825b-4a33a74e7a71}</UniqueIdentifier>
    </Filter>
    <Filter Include="Source Files\app">
      <UniqueIdentifier>{c6dabda7-0de2-40a2-a2ee-381dbe5a7787}</UniqueIdentifier>
    </Filter>
  </ItemGroup>
  <ItemGroup>
    <ClCompile Include="App.cpp">
      <Filter>Source Files\app</Filter>
    </ClCompile>
    <ClCompile Include="Attenuation.cpp">
      <Filter>Source Files\app</Filter>
    </ClCompile>
    <ClCompile Include="AttenuationFormula.cpp">
      <Filter>Source Files\app</Filter>
    </ClCompile>
    <ClCompile Include="Keyboard.cpp">
      <Filter>Source Files\app</Filter>
    </ClCompile>
    <ClCompile Include="quat4.cpp">
      <Filter>Source Files\math</Filter>
    </ClCompile>
    <ClCompile Include="Mouse.cpp">
      <Filter>Source Files\app</Filter>
    </ClCompile>
    <ClCompile Include="timer.cpp">
      <Filter>Source Files\app</Filter>
    </ClCompile>
    <ClCompile Include="Frustum.cpp">
      <Filter>Source Files\math</Filter>
    </ClCompile>
    <ClCompile Include="MatrixStack.cpp">
      <Filter>Source Files\math</Filter>
    </ClCompile>
    <ClCompile Include="TESTPLANE.cpp">
      <Filter>Source Files\math</Filter>
    </ClCompile>
  </ItemGroup>
  <ItemGroup>
    <ClInclude Include="callbacks.h">
      <Filter>Header Files\app</Filter>
    </ClInclude>
    <ClInclude Include="App.h">
      <Filter>Header Files\app</Filter>
    </ClInclude>
    <ClInclude Include="Attenuation.h">
      <Filter>Header Files\app</Filter>
    </ClInclude>
    <ClInclude Include="AttenuationFormula.h">
      <Filter>Header Files\app</Filter>
    </ClInclude>
    <ClInclude Include="engine_common.h">
      <Filter>Header Files\app</Filter>
    </ClInclude>
    <ClInclude Include="enumc.h">
      <Filter>Header Files\app</Filter>
    </ClInclude>
    <ClInclude Include="Keyboard.h">
      <Filter>Header Files\app</Filter>
    </ClInclude>
    <ClInclude Include="keys.h">
      <Filter>Header Files\app</Filter>
    </ClInclude>
    <ClInclude Include="quat4.h">
      <Filter>Header Files\math</Filter>
    </ClInclude>
    <ClInclude Include="utils.h">
      <Filter>Header Files\app</Filter>
    </ClInclude>
    <ClInclude Include="timer.h">
      <Filter>Header Files\app</Filter>
    </ClInclude>
    <ClInclude Include="Frustum.h">
      <Filter>Header Files\math</Filter>
    </ClInclude>
    <ClInclude Include="MathsHeader.h">
      <Filter>Header Files\math</Filter>
    </ClInclude>
    <ClInclude Include="MatrixStack.h">
      <Filter>Header Files\math</Filter>
    </ClInclude>
    <ClInclude Include="MyMath.h">
      <Filter>Header Files\math</Filter>
    </ClInclude>
    <ClInclude Include="Plane.h">
      <Filter>Header Files\math</Filter>
    </ClInclude>
    <ClInclude Include="Vertex.h">
      <Filter>Header Files\math</Filter>
    </ClInclude>
    <ClInclude Include="Mouse.h">
      <Filter>Header Files\app</Filter>
    </ClInclude>
    <ClInclude Include="vec2.h">
      <Filter>Header Files\math</Filter>
    </ClInclude>
    <ClInclude Include="vec3.h">
      <Filter>Header Files\math</Filter>
    </ClInclude>
    <ClInclude Include="vec4.h">
      <Filter>Header Files\math</Filter>
    </ClInclude>
    <ClInclude Include="mat4.h">
      <Filter>Header Files\math</Filter>
    </ClInclude>
    <ClInclude Include="TESTPLANE.h">
      <Filter>Header Files\math</Filter>
    </ClInclude>
  </ItemGroup>
</Project>